{
  "name": "scripts",
  "lockfileVersion": 3,
  "requires": true,
  "packages": {
    "": {
      "dependencies": {
        "@types/lodash": "^4.14.198",
        "@types/screeps": "^3.3.3",
        "screeps-profiler": "^2.0.1"
      }
    },
    "node_modules/@types/lodash": {
      "version": "4.14.198",
      "resolved": "https://registry.npmjs.org/@types/lodash/-/lodash-4.14.198.tgz",
      "integrity": "sha512-trNJ/vtMZYMLhfN45uLq4ShQSw0/S7xCTLLVM+WM1rmFpba/VS42jVUgaO3w/NOLiWR/09lnYk0yMaA/atdIsg=="
    },
    "node_modules/@types/screeps": {
      "version": "3.3.3",
      "resolved": "https://registry.npmjs.org/@types/screeps/-/screeps-3.3.3.tgz",
      "integrity": "sha512-r+ru4iNv8wNaNBWvk2gMXYpG8Ok1GJ8NVV9WBIHa5I+hz2QGttnAus+1whDMIzES8x3yK83Usz+gHqm8ehIW7w=="
    },
    "node_modules/screeps-profiler": {
      "version": "2.0.1",
      "resolved": "https://registry.npmjs.org/screeps-profiler/-/screeps-profiler-2.0.1.tgz",
      "integrity": "sha512-aOQWu/biCCEhIaaPO/5sXkD4/ruGAUxAf6Ogfg2dWWon9o1xcXjJQQYJPFVl4Hb6IjS6UPGvM7hxJV7FQMRPrg=="
    }
  }
}
